
Microsoft Visual Studio Solution File, Format Version 12.00
# Visual Studio 15
VisualStudioVersion = 15.0.26403.7
MinimumVisualStudioVersion = 10.0.40219.1
Project("{FAE04EC0-301F-11D3-BF4B-00C04F79EFBC}") = "Thiebheloye.Identity.Data.EF", "Thiebheloye.Identity.Data.EF\Thiebheloye.Identity.Data.EF.csproj", "{98FF3DD7-7028-4546-B23C-DB3E194D3DD1}"
EndProject
Project("{FAE04EC0-301F-11D3-BF4B-00C04F79EFBC}") = "Thiebheloye.Domain.Core", "Thiebheloye.Domain.Core\Thiebheloye.Domain.Core.csproj", "{2262948F-DE5C-4AA2-9D41-731FB43CE228}"
EndProject
Project("{FAE04EC0-301F-11D3-BF4B-00C04F79EFBC}") = "Thiebheloye.Identity.Domain.Queries", "Thiebheloye.Identity.Domain.Queries\Thiebheloye.Identity.Domain.Queries.csproj", "{65AA2434-7667-48C8-86A7-8E01A5D1D769}"
EndProject
Project("{FAE04EC0-301F-11D3-BF4B-00C04F79EFBC}") = "Thiebheloye.Identity.Domain.Commands", "Thiebheloye.Identity.Domain.Commands\Thiebheloye.Identity.Domain.Commands.csproj", "{4328096C-523F-4261-A51A-009CDB65E7CA}"
EndProject
Project("{FAE04EC0-301F-11D3-BF4B-00C04F79EFBC}") = "Thiebheloye.iitii.WebApi", "Thiebheloye.Identity.WebApi\Thiebheloye.iitii.WebApi.csproj", "{4E99B0F7-3C59-4B81-A20F-7189856E4AEB}"
EndProject
Project("{2150E333-8FDC-42A3-9474-1A3956D46DE8}") = "Domain", "Domain", "{C217905B-7791-481A-864A-8D8EC854B8D2}"
EndProject
Project("{2150E333-8FDC-42A3-9474-1A3956D46DE8}") = "Data", "Data", "{BA7D052C-B71F-4B85-BC5F-6FB05182ED4D}"
EndProject
Project("{2150E333-8FDC-42A3-9474-1A3956D46DE8}") = "Identity", "Identity", "{7D44FBAF-2DED-4756-8C2F-B9F6DECE59FF}"
EndProject
Global
	GlobalSection(SolutionConfigurationPlatforms) = preSolution
		Debug|Any CPU = Debug|Any CPU
		Release|Any CPU = Release|Any CPU
	EndGlobalSection
	GlobalSection(ProjectConfigurationPlatforms) = postSolution
		{98FF3DD7-7028-4546-B23C-DB3E194D3DD1}.Debug|Any CPU.ActiveCfg = Debug|Any CPU
		{98FF3DD7-7028-4546-B23C-DB3E194D3DD1}.Debug|Any CPU.Build.0 = Debug|Any CPU
		{98FF3DD7-7028-4546-B23C-DB3E194D3DD1}.Release|Any CPU.ActiveCfg = Release|Any CPU
		{98FF3DD7-7028-4546-B23C-DB3E194D3DD1}.Release|Any CPU.Build.0 = Release|Any CPU
		{2262948F-DE5C-4AA2-9D41-731FB43CE228}.Debug|Any CPU.ActiveCfg = Debug|Any CPU
		{2262948F-DE5C-4AA2-9D41-731FB43CE228}.Debug|Any CPU.Build.0 = Debug|Any CPU
		{2262948F-DE5C-4AA2-9D41-731FB43CE228}.Release|Any CPU.ActiveCfg = Release|Any CPU
		{2262948F-DE5C-4AA2-9D41-731FB43CE228}.Release|Any CPU.Build.0 = Release|Any CPU
		{65AA2434-7667-48C8-86A7-8E01A5D1D769}.Debug|Any CPU.ActiveCfg = Debug|Any CPU
		{65AA2434-7667-48C8-86A7-8E01A5D1D769}.Debug|Any CPU.Build.0 = Debug|Any CPU
		{65AA2434-7667-48C8-86A7-8E01A5D1D769}.Release|Any CPU.ActiveCfg = Release|Any CPU
		{65AA2434-7667-48C8-86A7-8E01A5D1D769}.Release|Any CPU.Build.0 = Release|Any CPU
		{4328096C-523F-4261-A51A-009CDB65E7CA}.Debug|Any CPU.ActiveCfg = Debug|Any CPU
		{4328096C-523F-4261-A51A-009CDB65E7CA}.Debug|Any CPU.Build.0 = Debug|Any CPU
		{4328096C-523F-4261-A51A-009CDB65E7CA}.Release|Any CPU.ActiveCfg = Release|Any CPU
		{4328096C-523F-4261-A51A-009CDB65E7CA}.Release|Any CPU.Build.0 = Release|Any CPU
		{4E99B0F7-3C59-4B81-A20F-7189856E4AEB}.Debug|Any CPU.ActiveCfg = Debug|Any CPU
		{4E99B0F7-3C59-4B81-A20F-7189856E4AEB}.Debug|Any CPU.Build.0 = Debug|Any CPU
		{4E99B0F7-3C59-4B81-A20F-7189856E4AEB}.Release|Any CPU.ActiveCfg = Release|Any CPU
		{4E99B0F7-3C59-4B81-A20F-7189856E4AEB}.Release|Any CPU.Build.0 = Release|Any CPU
	EndGlobalSection
	GlobalSection(SolutionProperties) = preSolution
		HideSolutionNode = FALSE
	EndGlobalSection
	GlobalSection(NestedProjects) = preSolution
		{98FF3DD7-7028-4546-B23C-DB3E194D3DD1} = {BA7D052C-B71F-4B85-BC5F-6FB05182ED4D}
		{2262948F-DE5C-4AA2-9D41-731FB43CE228} = {C217905B-7791-481A-864A-8D8EC854B8D2}
		{65AA2434-7667-48C8-86A7-8E01A5D1D769} = {7D44FBAF-2DED-4756-8C2F-B9F6DECE59FF}
		{4328096C-523F-4261-A51A-009CDB65E7CA} = {7D44FBAF-2DED-4756-8C2F-B9F6DECE59FF}
		{7D44FBAF-2DED-4756-8C2F-B9F6DECE59FF} = {C217905B-7791-481A-864A-8D8EC854B8D2}
	EndGlobalSection
EndGlobal
