
Microsoft Visual Studio Solution File, Format Version 12.00
# Visual Studio 15
VisualStudioVersion = 15.0.26228.9
MinimumVisualStudioVersion = 10.0.40219.1
Project("{2150E333-8FDC-42A3-9474-1A3956D46DE8}") = "Hosts", "Hosts", "{8E18D6A9-886A-49CB-925A-59341EB0AE3D}"
EndProject
Project("{2150E333-8FDC-42A3-9474-1A3956D46DE8}") = "UIs", "UIs", "{BA794AFD-36B3-4BBE-BD7F-20C8E3A86957}"
EndProject
Project("{FAE04EC0-301F-11D3-BF4B-00C04F79EFBC}") = "KonKon.WebApi", "KonKon.WebApi\KonKon.WebApi.csproj", "{23EF6A89-FF0F-4E80-AB6F-141EADF2379B}"
EndProject
Project("{2150E333-8FDC-42A3-9474-1A3956D46DE8}") = "Domain", "Domain", "{7DC38BB1-C4A1-43C8-9AD6-311BBA8836FD}"
EndProject
Project("{FAE04EC0-301F-11D3-BF4B-00C04F79EFBC}") = "KonKon.Domain.Core", "KonKon.Domain.Core\KonKon.Domain.Core.csproj", "{2262948F-DE5C-4AA2-9D41-731FB43CE228}"
EndProject
Project("{FAE04EC0-301F-11D3-BF4B-00C04F79EFBC}") = "KonKon.Domain.Commands", "KonKon.Domain.Commands\KonKon.Domain.Commands.csproj", "{4328096C-523F-4261-A51A-009CDB65E7CA}"
EndProject
Project("{FAE04EC0-301F-11D3-BF4B-00C04F79EFBC}") = "KonKon.Domain.Queries", "KonKon.Domain.Queries\KonKon.Domain.Queries.csproj", "{65AA2434-7667-48C8-86A7-8E01A5D1D769}"
EndProject
Project("{2150E333-8FDC-42A3-9474-1A3956D46DE8}") = "Security", "Security", "{6E08F230-6E93-46EE-A237-4054578CCB5F}"
EndProject
Project("{2150E333-8FDC-42A3-9474-1A3956D46DE8}") = "Logging", "Logging", "{44DE8CF7-4A60-4296-A667-1D6424D458E6}"
EndProject
Project("{2150E333-8FDC-42A3-9474-1A3956D46DE8}") = "Caching", "Caching", "{DC37E2E0-0D69-48F8-A343-0F50F1BD5ED6}"
EndProject
Project("{FAE04EC0-301F-11D3-BF4B-00C04F79EFBC}") = "KonKon.Caching.Redis", "KonKon.Caching.Redis\KonKon.Caching.Redis.csproj", "{07897FB3-8098-4F75-AAD1-5378AB7E4EAB}"
EndProject
Project("{FAE04EC0-301F-11D3-BF4B-00C04F79EFBC}") = "KonKon.Caching.Core", "KonKon.Caching.Core\KonKon.Caching.Core.csproj", "{4FF3AD60-7095-4EF2-B25D-0294F633EEE0}"
EndProject
Project("{FAE04EC0-301F-11D3-BF4B-00C04F79EFBC}") = "KonKon.Caching.InMemory", "KonKon.Caching.InMemory\KonKon.Caching.InMemory.csproj", "{A4B5DB72-82E1-4354-AF83-CEC36F0B561B}"
EndProject
Project("{FAE04EC0-301F-11D3-BF4B-00C04F79EFBC}") = "KonKon.Caching.Sync", "KonKon.Caching.Sync\KonKon.Caching.Sync.csproj", "{BD678576-805F-4C71-A09B-E4876682C743}"
EndProject
Project("{FAE04EC0-301F-11D3-BF4B-00C04F79EFBC}") = "KonKon.Logging.Core", "KonKon.Logging.Core\KonKon.Logging.Core.csproj", "{EA3BCB47-990C-4E42-BAAF-2360D696B383}"
EndProject
Project("{FAE04EC0-301F-11D3-BF4B-00C04F79EFBC}") = "KonKon.Logging.NLog", "KonKon.Logging.NLog\KonKon.Logging.NLog.csproj", "{CE92CADE-7579-40C7-A21C-12C6EAF5FECF}"
EndProject
Project("{2150E333-8FDC-42A3-9474-1A3956D46DE8}") = "Monitoring", "Monitoring", "{DCEF74F1-2A36-4B3B-B140-8F140E608DE0}"
EndProject
Project("{FAE04EC0-301F-11D3-BF4B-00C04F79EFBC}") = "KonKon.Monitoring.Core", "KonKon.Monitoring.Core\KonKon.Monitoring.Core.csproj", "{E6949713-2ADD-4735-8A6E-0B6E6DC5772C}"
EndProject
Project("{FAE04EC0-301F-11D3-BF4B-00C04F79EFBC}") = "KonKon.Security.Core", "KonKon.Security.Core\KonKon.Security.Core.csproj", "{260957BE-9748-40A3-B823-D63B69489BE4}"
EndProject
Project("{FAE04EC0-301F-11D3-BF4B-00C04F79EFBC}") = "KonKon.Security.Identity", "KonKon.Security.Identity\KonKon.Security.Identity.csproj", "{6060A260-CC0F-405C-AA2E-0F24B587D4E9}"
EndProject
Project("{FAE04EC0-301F-11D3-BF4B-00C04F79EFBC}") = "KonKon.Security.Filters", "KonKon.Security.Filters\KonKon.Security.Filters.csproj", "{C3DFD10B-6DE4-48B8-998D-9B42B4B1E7AA}"
EndProject
Project("{FAE04EC0-301F-11D3-BF4B-00C04F79EFBC}") = "KonKon.Identity.WebApi", "KonKon.Identity.WebApi\KonKon.Identity.WebApi.csproj", "{D3F3AE2C-87A7-4D41-BC49-83A133138E37}"
EndProject
Project("{2150E333-8FDC-42A3-9474-1A3956D46DE8}") = "Data", "Data", "{18099E2F-47A7-4388-88B1-141801B64311}"
EndProject
Project("{FAE04EC0-301F-11D3-BF4B-00C04F79EFBC}") = "KonKon.Data.EF", "KonKon.Data.EF\KonKon.Data.EF.csproj", "{98FF3DD7-7028-4546-B23C-DB3E194D3DD1}"
EndProject
Project("{FAE04EC0-301F-11D3-BF4B-00C04F79EFBC}") = "KonKon.Data.Dapper", "KonKon.Data.Dapper\KonKon.Data.Dapper.csproj", "{E9D4CEC7-CCD1-4ABF-8D78-46B76A9BAECA}"
EndProject
Project("{FAE04EC0-301F-11D3-BF4B-00C04F79EFBC}") = "KonKon.Data.Core", "KonKon.Data.Core\KonKon.Data.Core.csproj", "{F16C8B2C-6B25-46D4-A096-04C5DB553186}"
EndProject
Global
	GlobalSection(SolutionConfigurationPlatforms) = preSolution
		Debug|Any CPU = Debug|Any CPU
		Release|Any CPU = Release|Any CPU
	EndGlobalSection
	GlobalSection(ProjectConfigurationPlatforms) = postSolution
		{23EF6A89-FF0F-4E80-AB6F-141EADF2379B}.Debug|Any CPU.ActiveCfg = Debug|Any CPU
		{23EF6A89-FF0F-4E80-AB6F-141EADF2379B}.Debug|Any CPU.Build.0 = Debug|Any CPU
		{23EF6A89-FF0F-4E80-AB6F-141EADF2379B}.Release|Any CPU.ActiveCfg = Release|Any CPU
		{23EF6A89-FF0F-4E80-AB6F-141EADF2379B}.Release|Any CPU.Build.0 = Release|Any CPU
		{2262948F-DE5C-4AA2-9D41-731FB43CE228}.Debug|Any CPU.ActiveCfg = Debug|Any CPU
		{2262948F-DE5C-4AA2-9D41-731FB43CE228}.Debug|Any CPU.Build.0 = Debug|Any CPU
		{2262948F-DE5C-4AA2-9D41-731FB43CE228}.Release|Any CPU.ActiveCfg = Release|Any CPU
		{2262948F-DE5C-4AA2-9D41-731FB43CE228}.Release|Any CPU.Build.0 = Release|Any CPU
		{4328096C-523F-4261-A51A-009CDB65E7CA}.Debug|Any CPU.ActiveCfg = Debug|Any CPU
		{4328096C-523F-4261-A51A-009CDB65E7CA}.Debug|Any CPU.Build.0 = Debug|Any CPU
		{4328096C-523F-4261-A51A-009CDB65E7CA}.Release|Any CPU.ActiveCfg = Release|Any CPU
		{4328096C-523F-4261-A51A-009CDB65E7CA}.Release|Any CPU.Build.0 = Release|Any CPU
		{65AA2434-7667-48C8-86A7-8E01A5D1D769}.Debug|Any CPU.ActiveCfg = Debug|Any CPU
		{65AA2434-7667-48C8-86A7-8E01A5D1D769}.Debug|Any CPU.Build.0 = Debug|Any CPU
		{65AA2434-7667-48C8-86A7-8E01A5D1D769}.Release|Any CPU.ActiveCfg = Release|Any CPU
		{65AA2434-7667-48C8-86A7-8E01A5D1D769}.Release|Any CPU.Build.0 = Release|Any CPU
		{07897FB3-8098-4F75-AAD1-5378AB7E4EAB}.Debug|Any CPU.ActiveCfg = Debug|Any CPU
		{07897FB3-8098-4F75-AAD1-5378AB7E4EAB}.Debug|Any CPU.Build.0 = Debug|Any CPU
		{07897FB3-8098-4F75-AAD1-5378AB7E4EAB}.Release|Any CPU.ActiveCfg = Release|Any CPU
		{07897FB3-8098-4F75-AAD1-5378AB7E4EAB}.Release|Any CPU.Build.0 = Release|Any CPU
		{4FF3AD60-7095-4EF2-B25D-0294F633EEE0}.Debug|Any CPU.ActiveCfg = Debug|Any CPU
		{4FF3AD60-7095-4EF2-B25D-0294F633EEE0}.Debug|Any CPU.Build.0 = Debug|Any CPU
		{4FF3AD60-7095-4EF2-B25D-0294F633EEE0}.Release|Any CPU.ActiveCfg = Release|Any CPU
		{4FF3AD60-7095-4EF2-B25D-0294F633EEE0}.Release|Any CPU.Build.0 = Release|Any CPU
		{A4B5DB72-82E1-4354-AF83-CEC36F0B561B}.Debug|Any CPU.ActiveCfg = Debug|Any CPU
		{A4B5DB72-82E1-4354-AF83-CEC36F0B561B}.Debug|Any CPU.Build.0 = Debug|Any CPU
		{A4B5DB72-82E1-4354-AF83-CEC36F0B561B}.Release|Any CPU.ActiveCfg = Release|Any CPU
		{A4B5DB72-82E1-4354-AF83-CEC36F0B561B}.Release|Any CPU.Build.0 = Release|Any CPU
		{BD678576-805F-4C71-A09B-E4876682C743}.Debug|Any CPU.ActiveCfg = Debug|Any CPU
		{BD678576-805F-4C71-A09B-E4876682C743}.Debug|Any CPU.Build.0 = Debug|Any CPU
		{BD678576-805F-4C71-A09B-E4876682C743}.Release|Any CPU.ActiveCfg = Release|Any CPU
		{BD678576-805F-4C71-A09B-E4876682C743}.Release|Any CPU.Build.0 = Release|Any CPU
		{EA3BCB47-990C-4E42-BAAF-2360D696B383}.Debug|Any CPU.ActiveCfg = Debug|Any CPU
		{EA3BCB47-990C-4E42-BAAF-2360D696B383}.Debug|Any CPU.Build.0 = Debug|Any CPU
		{EA3BCB47-990C-4E42-BAAF-2360D696B383}.Release|Any CPU.ActiveCfg = Release|Any CPU
		{EA3BCB47-990C-4E42-BAAF-2360D696B383}.Release|Any CPU.Build.0 = Release|Any CPU
		{CE92CADE-7579-40C7-A21C-12C6EAF5FECF}.Debug|Any CPU.ActiveCfg = Debug|Any CPU
		{CE92CADE-7579-40C7-A21C-12C6EAF5FECF}.Debug|Any CPU.Build.0 = Debug|Any CPU
		{CE92CADE-7579-40C7-A21C-12C6EAF5FECF}.Release|Any CPU.ActiveCfg = Release|Any CPU
		{CE92CADE-7579-40C7-A21C-12C6EAF5FECF}.Release|Any CPU.Build.0 = Release|Any CPU
		{E6949713-2ADD-4735-8A6E-0B6E6DC5772C}.Debug|Any CPU.ActiveCfg = Debug|Any CPU
		{E6949713-2ADD-4735-8A6E-0B6E6DC5772C}.Debug|Any CPU.Build.0 = Debug|Any CPU
		{E6949713-2ADD-4735-8A6E-0B6E6DC5772C}.Release|Any CPU.ActiveCfg = Release|Any CPU
		{E6949713-2ADD-4735-8A6E-0B6E6DC5772C}.Release|Any CPU.Build.0 = Release|Any CPU
		{260957BE-9748-40A3-B823-D63B69489BE4}.Debug|Any CPU.ActiveCfg = Debug|Any CPU
		{260957BE-9748-40A3-B823-D63B69489BE4}.Debug|Any CPU.Build.0 = Debug|Any CPU
		{260957BE-9748-40A3-B823-D63B69489BE4}.Release|Any CPU.ActiveCfg = Release|Any CPU
		{260957BE-9748-40A3-B823-D63B69489BE4}.Release|Any CPU.Build.0 = Release|Any CPU
		{6060A260-CC0F-405C-AA2E-0F24B587D4E9}.Debug|Any CPU.ActiveCfg = Debug|Any CPU
		{6060A260-CC0F-405C-AA2E-0F24B587D4E9}.Debug|Any CPU.Build.0 = Debug|Any CPU
		{6060A260-CC0F-405C-AA2E-0F24B587D4E9}.Release|Any CPU.ActiveCfg = Release|Any CPU
		{6060A260-CC0F-405C-AA2E-0F24B587D4E9}.Release|Any CPU.Build.0 = Release|Any CPU
		{C3DFD10B-6DE4-48B8-998D-9B42B4B1E7AA}.Debug|Any CPU.ActiveCfg = Debug|Any CPU
		{C3DFD10B-6DE4-48B8-998D-9B42B4B1E7AA}.Debug|Any CPU.Build.0 = Debug|Any CPU
		{C3DFD10B-6DE4-48B8-998D-9B42B4B1E7AA}.Release|Any CPU.ActiveCfg = Release|Any CPU
		{C3DFD10B-6DE4-48B8-998D-9B42B4B1E7AA}.Release|Any CPU.Build.0 = Release|Any CPU
		{D3F3AE2C-87A7-4D41-BC49-83A133138E37}.Debug|Any CPU.ActiveCfg = Debug|Any CPU
		{D3F3AE2C-87A7-4D41-BC49-83A133138E37}.Debug|Any CPU.Build.0 = Debug|Any CPU
		{D3F3AE2C-87A7-4D41-BC49-83A133138E37}.Release|Any CPU.ActiveCfg = Release|Any CPU
		{D3F3AE2C-87A7-4D41-BC49-83A133138E37}.Release|Any CPU.Build.0 = Release|Any CPU
		{98FF3DD7-7028-4546-B23C-DB3E194D3DD1}.Debug|Any CPU.ActiveCfg = Debug|Any CPU
		{98FF3DD7-7028-4546-B23C-DB3E194D3DD1}.Debug|Any CPU.Build.0 = Debug|Any CPU
		{98FF3DD7-7028-4546-B23C-DB3E194D3DD1}.Release|Any CPU.ActiveCfg = Release|Any CPU
		{98FF3DD7-7028-4546-B23C-DB3E194D3DD1}.Release|Any CPU.Build.0 = Release|Any CPU
		{E9D4CEC7-CCD1-4ABF-8D78-46B76A9BAECA}.Debug|Any CPU.ActiveCfg = Debug|Any CPU
		{E9D4CEC7-CCD1-4ABF-8D78-46B76A9BAECA}.Debug|Any CPU.Build.0 = Debug|Any CPU
		{E9D4CEC7-CCD1-4ABF-8D78-46B76A9BAECA}.Release|Any CPU.ActiveCfg = Release|Any CPU
		{E9D4CEC7-CCD1-4ABF-8D78-46B76A9BAECA}.Release|Any CPU.Build.0 = Release|Any CPU
		{F16C8B2C-6B25-46D4-A096-04C5DB553186}.Debug|Any CPU.ActiveCfg = Debug|Any CPU
		{F16C8B2C-6B25-46D4-A096-04C5DB553186}.Debug|Any CPU.Build.0 = Debug|Any CPU
		{F16C8B2C-6B25-46D4-A096-04C5DB553186}.Release|Any CPU.ActiveCfg = Release|Any CPU
		{F16C8B2C-6B25-46D4-A096-04C5DB553186}.Release|Any CPU.Build.0 = Release|Any CPU
	EndGlobalSection
	GlobalSection(SolutionProperties) = preSolution
		HideSolutionNode = FALSE
	EndGlobalSection
	GlobalSection(NestedProjects) = preSolution
		{23EF6A89-FF0F-4E80-AB6F-141EADF2379B} = {8E18D6A9-886A-49CB-925A-59341EB0AE3D}
		{7DC38BB1-C4A1-43C8-9AD6-311BBA8836FD} = {8E18D6A9-886A-49CB-925A-59341EB0AE3D}
		{2262948F-DE5C-4AA2-9D41-731FB43CE228} = {7DC38BB1-C4A1-43C8-9AD6-311BBA8836FD}
		{4328096C-523F-4261-A51A-009CDB65E7CA} = {7DC38BB1-C4A1-43C8-9AD6-311BBA8836FD}
		{65AA2434-7667-48C8-86A7-8E01A5D1D769} = {7DC38BB1-C4A1-43C8-9AD6-311BBA8836FD}
		{6E08F230-6E93-46EE-A237-4054578CCB5F} = {8E18D6A9-886A-49CB-925A-59341EB0AE3D}
		{44DE8CF7-4A60-4296-A667-1D6424D458E6} = {8E18D6A9-886A-49CB-925A-59341EB0AE3D}
		{DC37E2E0-0D69-48F8-A343-0F50F1BD5ED6} = {8E18D6A9-886A-49CB-925A-59341EB0AE3D}
		{07897FB3-8098-4F75-AAD1-5378AB7E4EAB} = {DC37E2E0-0D69-48F8-A343-0F50F1BD5ED6}
		{4FF3AD60-7095-4EF2-B25D-0294F633EEE0} = {DC37E2E0-0D69-48F8-A343-0F50F1BD5ED6}
		{A4B5DB72-82E1-4354-AF83-CEC36F0B561B} = {DC37E2E0-0D69-48F8-A343-0F50F1BD5ED6}
		{BD678576-805F-4C71-A09B-E4876682C743} = {DC37E2E0-0D69-48F8-A343-0F50F1BD5ED6}
		{EA3BCB47-990C-4E42-BAAF-2360D696B383} = {44DE8CF7-4A60-4296-A667-1D6424D458E6}
		{CE92CADE-7579-40C7-A21C-12C6EAF5FECF} = {44DE8CF7-4A60-4296-A667-1D6424D458E6}
		{DCEF74F1-2A36-4B3B-B140-8F140E608DE0} = {8E18D6A9-886A-49CB-925A-59341EB0AE3D}
		{E6949713-2ADD-4735-8A6E-0B6E6DC5772C} = {DCEF74F1-2A36-4B3B-B140-8F140E608DE0}
		{260957BE-9748-40A3-B823-D63B69489BE4} = {6E08F230-6E93-46EE-A237-4054578CCB5F}
		{6060A260-CC0F-405C-AA2E-0F24B587D4E9} = {6E08F230-6E93-46EE-A237-4054578CCB5F}
		{C3DFD10B-6DE4-48B8-998D-9B42B4B1E7AA} = {6E08F230-6E93-46EE-A237-4054578CCB5F}
		{D3F3AE2C-87A7-4D41-BC49-83A133138E37} = {8E18D6A9-886A-49CB-925A-59341EB0AE3D}
		{18099E2F-47A7-4388-88B1-141801B64311} = {8E18D6A9-886A-49CB-925A-59341EB0AE3D}
		{98FF3DD7-7028-4546-B23C-DB3E194D3DD1} = {18099E2F-47A7-4388-88B1-141801B64311}
		{E9D4CEC7-CCD1-4ABF-8D78-46B76A9BAECA} = {18099E2F-47A7-4388-88B1-141801B64311}
		{F16C8B2C-6B25-46D4-A096-04C5DB553186} = {18099E2F-47A7-4388-88B1-141801B64311}
	EndGlobalSection
EndGlobal
